
Microsoft Visual Studio Solution File, Format Version 12.00
# Visual Studio Version 17
VisualStudioVersion = 17.13.35825.156 d17.13
MinimumVisualStudioVersion = 10.0.40219.1
Project("{FAE04EC0-301F-11D3-BF4B-00C04F79EFBC}") = "HotelAPIProject", "HotelAPIProject\HotelAPIProject.csproj", "{670CAB73-DEDA-4685-BA19-CA4A6DB37478}"
EndProject
Global
	GlobalSection(SolutionConfigurationPlatforms) = preSolution
		Debug|Any CPU = Debug|Any CPU
		Release|Any CPU = Release|Any CPU
	EndGlobalSection
	GlobalSection(ProjectConfigurationPlatforms) = postSolution
		{670CAB73-DEDA-4685-BA19-CA4A6DB37478}.Debug|Any CPU.ActiveCfg = Debug|Any CPU
		{670CAB73-DEDA-4685-BA19-CA4A6DB37478}.Debug|Any CPU.Build.0 = Debug|Any CPU
		{670CAB73-DEDA-4685-BA19-CA4A6DB37478}.Release|Any CPU.ActiveCfg = Release|Any CPU
		{670CAB73-DEDA-4685-BA19-CA4A6DB37478}.Release|Any CPU.Build.0 = Release|Any CPU
	EndGlobalSection
	GlobalSection(SolutionProperties) = preSolution
		HideSolutionNode = FALSE
	EndGlobalSection
	GlobalSection(ExtensibilityGlobals) = postSolution
		SolutionGuid = {8D787B4D-2E8F-4E4E-8991-AAD5BCA959B4}
	EndGlobalSection
EndGlobal
